// !$*UTF8*$!
{
	archiveVersion = 1;
	classes = {
	};
	objectVersion = 46;
	objects = {

/* Begin PBXBuildFile section */
		4109415D1AF3DC080050FE0F /* bn.mp3 in Resources */ = {isa = PBXBuildFile; fileRef = 4109415C1AF3DC080050FE0F /* bn.mp3 */; };
		415FE6161AF2712A008C8F5B /* AppDelegate.swift in Sources */ = {isa = PBXBuildFile; fileRef = 415FE6151AF2712A008C8F5B /* AppDelegate.swift */; };
		415FE6191AF2712A008C8F5B /* dreamOn.xcdatamodeld in Sources */ = {isa = PBXBuildFile; fileRef = 415FE6171AF2712A008C8F5B /* dreamOn.xcdatamodeld */; };
		415FE61B1AF2712A008C8F5B /* DreamListViewController.swift in Sources */ = {isa = PBXBuildFile; fileRef = 415FE61A1AF2712A008C8F5B /* DreamListViewController.swift */; };
		415FE61E1AF2712A008C8F5B /* Main.storyboard in Resources */ = {isa = PBXBuildFile; fileRef = 415FE61C1AF2712A008C8F5B /* Main.storyboard */; };
		415FE6201AF2712A008C8F5B /* Images.xcassets in Resources */ = {isa = PBXBuildFile; fileRef = 415FE61F1AF2712A008C8F5B /* Images.xcassets */; };
		415FE6231AF2712A008C8F5B /* LaunchScreen.xib in Resources */ = {isa = PBXBuildFile; fileRef = 415FE6211AF2712A008C8F5B /* LaunchScreen.xib */; };
		415FE62F1AF2712A008C8F5B /* dreamOnTests.swift in Sources */ = {isa = PBXBuildFile; fileRef = 415FE62E1AF2712A008C8F5B /* dreamOnTests.swift */; };
		415FE6391AF27CC9008C8F5B /* DreamObject.swift in Sources */ = {isa = PBXBuildFile; fileRef = 415FE6381AF27CC9008C8F5B /* DreamObject.swift */; };
		415FE63B1AF27EDC008C8F5B /* DreamDetail.swift in Sources */ = {isa = PBXBuildFile; fileRef = 415FE63A1AF27EDC008C8F5B /* DreamDetail.swift */; };
		415FE63D1AF28145008C8F5B /* DreamCollectionViewCell.swift in Sources */ = {isa = PBXBuildFile; fileRef = 415FE63C1AF28145008C8F5B /* DreamCollectionViewCell.swift */; };
		415FE6431AF2BF42008C8F5B /* mountain_lake.m4a in Resources */ = {isa = PBXBuildFile; fileRef = 415FE6421AF2BC85008C8F5B /* mountain_lake.m4a */; };
		415FE6451AF2C054008C8F5B /* rain_leaves.m4a in Resources */ = {isa = PBXBuildFile; fileRef = 415FE6441AF2C054008C8F5B /* rain_leaves.m4a */; };
		415FE64C1AF2CA5A008C8F5B /* Crashlytics.framework in Frameworks */ = {isa = PBXBuildFile; fileRef = 415FE64B1AF2CA5A008C8F5B /* Crashlytics.framework */; };
/* End PBXBuildFile section */

/* Begin PBXContainerItemProxy section */
		415FE6291AF2712A008C8F5B /* PBXContainerItemProxy */ = {
			isa = PBXContainerItemProxy;
			containerPortal = 415FE6081AF2712A008C8F5B /* Project object */;
			proxyType = 1;
			remoteGlobalIDString = 415FE60F1AF2712A008C8F5B;
			remoteInfo = dreamOn;
		};
/* End PBXContainerItemProxy section */

/* Begin PBXFileReference section */
		4109415C1AF3DC080050FE0F /* bn.mp3 */ = {isa = PBXFileReference; lastKnownFileType = audio.mp3; path = bn.mp3; sourceTree = "<group>"; };
		415FE6101AF2712A008C8F5B /* dreamOn.app */ = {isa = PBXFileReference; explicitFileType = wrapper.application; includeInIndex = 0; path = dreamOn.app; sourceTree = BUILT_PRODUCTS_DIR; };
		415FE6141AF2712A008C8F5B /* Info.plist */ = {isa = PBXFileReference; lastKnownFileType = text.plist.xml; path = Info.plist; sourceTree = "<group>"; };
		415FE6151AF2712A008C8F5B /* AppDelegate.swift */ = {isa = PBXFileReference; lastKnownFileType = sourcecode.swift; path = AppDelegate.swift; sourceTree = "<group>"; };
		415FE6181AF2712A008C8F5B /* dreamOn.xcdatamodel */ = {isa = PBXFileReference; lastKnownFileType = wrapper.xcdatamodel; path = dreamOn.xcdatamodel; sourceTree = "<group>"; };
		415FE61A1AF2712A008C8F5B /* DreamListViewController.swift */ = {isa = PBXFileReference; lastKnownFileType = sourcecode.swift; path = DreamListViewController.swift; sourceTree = "<group>"; };
		415FE61D1AF2712A008C8F5B /* Base */ = {isa = PBXFileReference; lastKnownFileType = file.storyboard; name = Base; path = Base.lproj/Main.storyboard; sourceTree = "<group>"; };
		415FE61F1AF2712A008C8F5B /* Images.xcassets */ = {isa = PBXFileReference; lastKnownFileType = folder.assetcatalog; path = Images.xcassets; sourceTree = "<group>"; };
		415FE6221AF2712A008C8F5B /* Base */ = {isa = PBXFileReference; lastKnownFileType = file.xib; name = Base; path = Base.lproj/LaunchScreen.xib; sourceTree = "<group>"; };
		415FE6281AF2712A008C8F5B /* dreamOnTests.xctest */ = {isa = PBXFileReference; explicitFileType = wrapper.cfbundle; includeInIndex = 0; path = dreamOnTests.xctest; sourceTree = BUILT_PRODUCTS_DIR; };
		415FE62D1AF2712A008C8F5B /* Info.plist */ = {isa = PBXFileReference; lastKnownFileType = text.plist.xml; path = Info.plist; sourceTree = "<group>"; };
		415FE62E1AF2712A008C8F5B /* dreamOnTests.swift */ = {isa = PBXFileReference; lastKnownFileType = sourcecode.swift; path = dreamOnTests.swift; sourceTree = "<group>"; };
		415FE6381AF27CC9008C8F5B /* DreamObject.swift */ = {isa = PBXFileReference; fileEncoding = 4; lastKnownFileType = sourcecode.swift; path = DreamObject.swift; sourceTree = "<group>"; };
		415FE63A1AF27EDC008C8F5B /* DreamDetail.swift */ = {isa = PBXFileReference; fileEncoding = 4; lastKnownFileType = sourcecode.swift; path = DreamDetail.swift; sourceTree = "<group>"; };
		415FE63C1AF28145008C8F5B /* DreamCollectionViewCell.swift */ = {isa = PBXFileReference; fileEncoding = 4; lastKnownFileType = sourcecode.swift; path = DreamCollectionViewCell.swift; sourceTree = "<group>"; };
		415FE6421AF2BC85008C8F5B /* mountain_lake.m4a */ = {isa = PBXFileReference; lastKnownFileType = file; path = mountain_lake.m4a; sourceTree = "<group>"; };
		415FE6441AF2C054008C8F5B /* rain_leaves.m4a */ = {isa = PBXFileReference; lastKnownFileType = file; path = rain_leaves.m4a; sourceTree = "<group>"; };
		415FE64B1AF2CA5A008C8F5B /* Crashlytics.framework */ = {isa = PBXFileReference; lastKnownFileType = wrapper.framework; path = Crashlytics.framework; sourceTree = "<group>"; };
/* End PBXFileReference section */

/* Begin PBXFrameworksBuildPhase section */
		415FE60D1AF2712A008C8F5B /* Frameworks */ = {
			isa = PBXFrameworksBuildPhase;
			buildActionMask = 2147483647;
			files = (
				415FE64C1AF2CA5A008C8F5B /* Crashlytics.framework in Frameworks */,
			);
			runOnlyForDeploymentPostprocessing = 0;
		};
		415FE6251AF2712A008C8F5B /* Frameworks */ = {
			isa = PBXFrameworksBuildPhase;
			buildActionMask = 2147483647;
			files = (
			);
			runOnlyForDeploymentPostprocessing = 0;
		};
/* End PBXFrameworksBuildPhase section */

/* Begin PBXGroup section */
		415FE6071AF2712A008C8F5B = {
			isa = PBXGroup;
			children = (
				415FE6121AF2712A008C8F5B /* dreamOn */,
				415FE62B1AF2712A008C8F5B /* dreamOnTests */,
				415FE6111AF2712A008C8F5B /* Products */,
				415FE64B1AF2CA5A008C8F5B /* Crashlytics.framework */,
			);
			sourceTree = "<group>";
		};
		415FE6111AF2712A008C8F5B /* Products */ = {
			isa = PBXGroup;
			children = (
				415FE6101AF2712A008C8F5B /* dreamOn.app */,
				415FE6281AF2712A008C8F5B /* dreamOnTests.xctest */,
			);
			name = Products;
			sourceTree = "<group>";
		};
		415FE6121AF2712A008C8F5B /* dreamOn */ = {
			isa = PBXGroup;
			children = (
				415FE6411AF2BC6E008C8F5B /* Audio */,
				415FE6401AF2B99A008C8F5B /* Controllers */,
				415FE63F1AF2B956008C8F5B /* Cells */,
				415FE63E1AF2B942008C8F5B /* Objects */,
				415FE6151AF2712A008C8F5B /* AppDelegate.swift */,
				415FE61C1AF2712A008C8F5B /* Main.storyboard */,
				415FE61F1AF2712A008C8F5B /* Images.xcassets */,
				415FE6211AF2712A008C8F5B /* LaunchScreen.xib */,
				415FE6171AF2712A008C8F5B /* dreamOn.xcdatamodeld */,
				415FE6131AF2712A008C8F5B /* Supporting Files */,
			);
			path = dreamOn;
			sourceTree = "<group>";
		};
		415FE6131AF2712A008C8F5B /* Supporting Files */ = {
			isa = PBXGroup;
			children = (
				415FE6141AF2712A008C8F5B /* Info.plist */,
			);
			name = "Supporting Files";
			sourceTree = "<group>";
		};
		415FE62B1AF2712A008C8F5B /* dreamOnTests */ = {
			isa = PBXGroup;
			children = (
				415FE62E1AF2712A008C8F5B /* dreamOnTests.swift */,
				415FE62C1AF2712A008C8F5B /* Supporting Files */,
			);
			path = dreamOnTests;
			sourceTree = "<group>";
		};
		415FE62C1AF2712A008C8F5B /* Supporting Files */ = {
			isa = PBXGroup;
			children = (
				415FE62D1AF2712A008C8F5B /* Info.plist */,
			);
			name = "Supporting Files";
			sourceTree = "<group>";
		};
		415FE63E1AF2B942008C8F5B /* Objects */ = {
			isa = PBXGroup;
			children = (
				415FE6381AF27CC9008C8F5B /* DreamObject.swift */,
			);
			name = Objects;
			sourceTree = "<group>";
		};
		415FE63F1AF2B956008C8F5B /* Cells */ = {
			isa = PBXGroup;
			children = (
				415FE63C1AF28145008C8F5B /* DreamCollectionViewCell.swift */,
			);
			name = Cells;
			sourceTree = "<group>";
		};
		415FE6401AF2B99A008C8F5B /* Controllers */ = {
			isa = PBXGroup;
			children = (
				415FE61A1AF2712A008C8F5B /* DreamListViewController.swift */,
				415FE63A1AF27EDC008C8F5B /* DreamDetail.swift */,
			);
			name = Controllers;
			sourceTree = "<group>";
		};
		415FE6411AF2BC6E008C8F5B /* Audio */ = {
			isa = PBXGroup;
			children = (
				4109415C1AF3DC080050FE0F /* bn.mp3 */,
				415FE6421AF2BC85008C8F5B /* mountain_lake.m4a */,
				415FE6441AF2C054008C8F5B /* rain_leaves.m4a */,
			);
			name = Audio;
			sourceTree = "<group>";
		};
/* End PBXGroup section */

/* Begin PBXNativeTarget section */
		415FE60F1AF2712A008C8F5B /* dreamOn */ = {
			isa = PBXNativeTarget;
			buildConfigurationList = 415FE6321AF2712A008C8F5B /* Build configuration list for PBXNativeTarget "dreamOn" */;
			buildPhases = (
				415FE60C1AF2712A008C8F5B /* Sources */,
				415FE60D1AF2712A008C8F5B /* Frameworks */,
				415FE60E1AF2712A008C8F5B /* Resources */,
				415FE64A1AF2CA10008C8F5B /* ShellScript */,
			);
			buildRules = (
			);
			dependencies = (
			);
			name = dreamOn;
			productName = dreamOn;
			productReference = 415FE6101AF2712A008C8F5B /* dreamOn.app */;
			productType = "com.apple.product-type.application";
		};
		415FE6271AF2712A008C8F5B /* dreamOnTests */ = {
			isa = PBXNativeTarget;
			buildConfigurationList = 415FE6351AF2712A008C8F5B /* Build configuration list for PBXNativeTarget "dreamOnTests" */;
			buildPhases = (
				415FE6241AF2712A008C8F5B /* Sources */,
				415FE6251AF2712A008C8F5B /* Frameworks */,
				415FE6261AF2712A008C8F5B /* Resources */,
			);
			buildRules = (
			);
			dependencies = (
				415FE62A1AF2712A008C8F5B /* PBXTargetDependency */,
			);
			name = dreamOnTests;
			productName = dreamOnTests;
			productReference = 415FE6281AF2712A008C8F5B /* dreamOnTests.xctest */;
			productType = "com.apple.product-type.bundle.unit-test";
		};
/* End PBXNativeTarget section */

/* Begin PBXProject section */
		415FE6081AF2712A008C8F5B /* Project object */ = {
			isa = PBXProject;
			attributes = {
				LastUpgradeCheck = 0630;
				ORGANIZATIONNAME = jpsites;
				TargetAttributes = {
					415FE60F1AF2712A008C8F5B = {
						CreatedOnToolsVersion = 6.3;
						DevelopmentTeam = Z8R3MKTJFL;
					};
					415FE6271AF2712A008C8F5B = {
						CreatedOnToolsVersion = 6.3;
						TestTargetID = 415FE60F1AF2712A008C8F5B;
					};
				};
			};
			buildConfigurationList = 415FE60B1AF2712A008C8F5B /* Build configuration list for PBXProject "dreamOn" */;
			compatibilityVersion = "Xcode 3.2";
			developmentRegion = English;
			hasScannedForEncodings = 0;
			knownRegions = (
				en,
				Base,
			);
			mainGroup = 415FE6071AF2712A008C8F5B;
			productRefGroup = 415FE6111AF2712A008C8F5B /* Products */;
			projectDirPath = "";
			projectRoot = "";
			targets = (
				415FE60F1AF2712A008C8F5B /* dreamOn */,
				415FE6271AF2712A008C8F5B /* dreamOnTests */,
			);
		};
/* End PBXProject section */

/* Begin PBXResourcesBuildPhase section */
		415FE60E1AF2712A008C8F5B /* Resources */ = {
			isa = PBXResourcesBuildPhase;
			buildActionMask = 2147483647;
			files = (
				415FE6431AF2BF42008C8F5B /* mountain_lake.m4a in Resources */,
				415FE61E1AF2712A008C8F5B /* Main.storyboard in Resources */,
				415FE6231AF2712A008C8F5B /* LaunchScreen.xib in Resources */,
				415FE6201AF2712A008C8F5B /* Images.xcassets in Resources */,
				4109415D1AF3DC080050FE0F /* bn.mp3 in Resources */,
				415FE6451AF2C054008C8F5B /* rain_leaves.m4a in Resources */,
			);
			runOnlyForDeploymentPostprocessing = 0;
		};
		415FE6261AF2712A008C8F5B /* Resources */ = {
			isa = PBXResourcesBuildPhase;
			buildActionMask = 2147483647;
			files = (
			);
			runOnlyForDeploymentPostprocessing = 0;
		};
/* End PBXResourcesBuildPhase section */

/* Begin PBXShellScriptBuildPhase section */
		415FE64A1AF2CA10008C8F5B /* ShellScript */ = {
			isa = PBXShellScriptBuildPhase;
			buildActionMask = 2147483647;
			files = (
			);
			inputPaths = (
			);
			outputPaths = (
			);
			runOnlyForDeploymentPostprocessing = 0;
			shellPath = /bin/sh;
			shellScript = "./Crashlytics.framework/run 1988e5da73d74bd62ffe2869da3d4f4f0d0069c8 90be4c4e791ec6ccdb56b7fbbd21cb8bf2d67aad7f24c9b5bef9358eeeb152d1";
		};
/* End PBXShellScriptBuildPhase section */

/* Begin PBXSourcesBuildPhase section */
		415FE60C1AF2712A008C8F5B /* Sources */ = {
			isa = PBXSourcesBuildPhase;
			buildActionMask = 2147483647;
			files = (
				415FE63B1AF27EDC008C8F5B /* DreamDetail.swift in Sources */,
				415FE6391AF27CC9008C8F5B /* DreamObject.swift in Sources */,
				415FE63D1AF28145008C8F5B /* DreamCollectionViewCell.swift in Sources */,
				415FE61B1AF2712A008C8F5B /* DreamListViewController.swift in Sources */,
				415FE6191AF2712A008C8F5B /* dreamOn.xcdatamodeld in Sources */,
				415FE6161AF2712A008C8F5B /* AppDelegate.swift in Sources */,
			);
			runOnlyForDeploymentPostprocessing = 0;
		};
		415FE6241AF2712A008C8F5B /* Sources */ = {
			isa = PBXSourcesBuildPhase;
			buildActionMask = 2147483647;
			files = (
				415FE62F1AF2712A008C8F5B /* dreamOnTests.swift in Sources */,
			);
			runOnlyForDeploymentPostprocessing = 0;
		};
/* End PBXSourcesBuildPhase section */

/* Begin PBXTargetDependency section */
		415FE62A1AF2712A008C8F5B /* PBXTargetDependency */ = {
			isa = PBXTargetDependency;
			target = 415FE60F1AF2712A008C8F5B /* dreamOn */;
			targetProxy = 415FE6291AF2712A008C8F5B /* PBXContainerItemProxy */;
		};
/* End PBXTargetDependency section */

/* Begin PBXVariantGroup section */
		415FE61C1AF2712A008C8F5B /* Main.storyboard */ = {
			isa = PBXVariantGroup;
			children = (
				415FE61D1AF2712A008C8F5B /* Base */,
			);
			name = Main.storyboard;
			sourceTree = "<group>";
		};
		415FE6211AF2712A008C8F5B /* LaunchScreen.xib */ = {
			isa = PBXVariantGroup;
			children = (
				415FE6221AF2712A008C8F5B /* Base */,
			);
			name = LaunchScreen.xib;
			sourceTree = "<group>";
		};
/* End PBXVariantGroup section */

/* Begin XCBuildConfiguration section */
		415FE6301AF2712A008C8F5B /* Debug */ = {
			isa = XCBuildConfiguration;
			buildSettings = {
				ALWAYS_SEARCH_USER_PATHS = NO;
				CLANG_CXX_LANGUAGE_STANDARD = "gnu++0x";
				CLANG_CXX_LIBRARY = "libc++";
				CLANG_ENABLE_MODULES = YES;
				CLANG_ENABLE_OBJC_ARC = YES;
				CLANG_WARN_BOOL_CONVERSION = YES;
				CLANG_WARN_CONSTANT_CONVERSION = YES;
				CLANG_WARN_DIRECT_OBJC_ISA_USAGE = YES_ERROR;
				CLANG_WARN_EMPTY_BODY = YES;
				CLANG_WARN_ENUM_CONVERSION = YES;
				CLANG_WARN_INT_CONVERSION = YES;
				CLANG_WARN_OBJC_ROOT_CLASS = YES_ERROR;
				CLANG_WARN_UNREACHABLE_CODE = YES;
				CLANG_WARN__DUPLICATE_METHOD_MATCH = YES;
				"CODE_SIGN_IDENTITY[sdk=iphoneos*]" = "iPhone Developer";
				COPY_PHASE_STRIP = NO;
				DEBUG_INFORMATION_FORMAT = "dwarf-with-dsym";
				ENABLE_STRICT_OBJC_MSGSEND = YES;
				GCC_C_LANGUAGE_STANDARD = gnu99;
				GCC_DYNAMIC_NO_PIC = NO;
				GCC_NO_COMMON_BLOCKS = YES;
				GCC_OPTIMIZATION_LEVEL = 0;
				GCC_PREPROCESSOR_DEFINITIONS = (
					"DEBUG=1",
					"$(inherited)",
				);
				GCC_SYMBOLS_PRIVATE_EXTERN = NO;
				GCC_WARN_64_TO_32_BIT_CONVERSION = YES;
				GCC_WARN_ABOUT_RETURN_TYPE = YES_ERROR;
				GCC_WARN_UNDECLARED_SELECTOR = YES;
				GCC_WARN_UNINITIALIZED_AUTOS = YES_AGGRESSIVE;
				GCC_WARN_UNUSED_FUNCTION = YES;
				GCC_WARN_UNUSED_VARIABLE = YES;
				IPHONEOS_DEPLOYMENT_TARGET = 8.0;
				MTL_ENABLE_DEBUG_INFO = YES;
				ONLY_ACTIVE_ARCH = YES;
				SDKROOT = iphoneos;
				SWIFT_OPTIMIZATION_LEVEL = "-Onone";
				TARGETED_DEVICE_FAMILY = "1,2";
			};
			name = Debug;
		};
		415FE6311AF2712A008C8F5B /* Release */ = {
			isa = XCBuildConfiguration;
			buildSettings = {
				ALWAYS_SEARCH_USER_PATHS = NO;
				CLANG_CXX_LANGUAGE_STANDARD = "gnu++0x";
				CLANG_CXX_LIBRARY = "libc++";
				CLANG_ENABLE_MODULES = YES;
				CLANG_ENABLE_OBJC_ARC = YES;
				CLANG_WARN_BOOL_CONVERSION = YES;
				CLANG_WARN_CONSTANT_CONVERSION = YES;
				CLANG_WARN_DIRECT_OBJC_ISA_USAGE = YES_ERROR;
				CLANG_WARN_EMPTY_BODY = YES;
				CLANG_WARN_ENUM_CONVERSION = YES;
				CLANG_WARN_INT_CONVERSION = YES;
				CLANG_WARN_OBJC_ROOT_CLASS = YES_ERROR;
				CLANG_WARN_UNREACHABLE_CODE = YES;
				CLANG_WARN__DUPLICATE_METHOD_MATCH = YES;
				"CODE_SIGN_IDENTITY[sdk=iphoneos*]" = "iPhone Developer";
				COPY_PHASE_STRIP = NO;
				DEBUG_INFORMATION_FORMAT = "dwarf-with-dsym";
				ENABLE_NS_ASSERTIONS = NO;
				ENABLE_STRICT_OBJC_MSGSEND = YES;
				GCC_C_LANGUAGE_STANDARD = gnu99;
				GCC_NO_COMMON_BLOCKS = YES;
				GCC_WARN_64_TO_32_BIT_CONVERSION = YES;
				GCC_WARN_ABOUT_RETURN_TYPE = YES_ERROR;
				GCC_WARN_UNDECLARED_SELECTOR = YES;
				GCC_WARN_UNINITIALIZED_AUTOS = YES_AGGRESSIVE;
				GCC_WARN_UNUSED_FUNCTION = YES;
				GCC_WARN_UNUSED_VARIABLE = YES;
				IPHONEOS_DEPLOYMENT_TARGET = 8.0;
				MTL_ENABLE_DEBUG_INFO = NO;
				SDKROOT = iphoneos;
				TARGETED_DEVICE_FAMILY = "1,2";
				VALIDATE_PRODUCT = YES;
			};
			name = Release;
		};
		415FE6331AF2712A008C8F5B /* Debug */ = {
			isa = XCBuildConfiguration;
			buildSettings = {
				ASSETCATALOG_COMPILER_APPICON_NAME = AppIcon;
				CODE_SIGN_IDENTITY = "iPhone Developer";
				"CODE_SIGN_IDENTITY[sdk=iphoneos*]" = "iPhone Developer";
				FRAMEWORK_SEARCH_PATHS = (
					"$(inherited)",
					"$(PROJECT_DIR)",
				);
				INFOPLIST_FILE = dreamOn/Info.plist;
				IPHONEOS_DEPLOYMENT_TARGET = 8.0;
				LD_RUNPATH_SEARCH_PATHS = "$(inherited) @executable_path/Frameworks";
				PRODUCT_NAME = "$(TARGET_NAME)";
				PROVISIONING_PROFILE = "";
			};
			name = Debug;
		};
		415FE6341AF2712A008C8F5B /* Release */ = {
			isa = XCBuildConfiguration;
			buildSettings = {
				ASSETCATALOG_COMPILER_APPICON_NAME = AppIcon;
				CODE_SIGN_IDENTITY = "iPhone Developer";
				"CODE_SIGN_IDENTITY[sdk=iphoneos*]" = "iPhone Developer";
				FRAMEWORK_SEARCH_PATHS = (
					"$(inherited)",
					"$(PROJECT_DIR)",
				);
				INFOPLIST_FILE = dreamOn/Info.plist;
				IPHONEOS_DEPLOYMENT_TARGET = 8.0;
				LD_RUNPATH_SEARCH_PATHS = "$(inherited) @executable_path/Frameworks";
				PRODUCT_NAME = "$(TARGET_NAME)";
				PROVISIONING_PROFILE = "";
			};
			name = Release;
		};
		415FE6361AF2712A008C8F5B /* Debug */ = {
			isa = XCBuildConfiguration;
			buildSettings = {
				BUNDLE_LOADER = "$(TEST_HOST)";
				FRAMEWORK_SEARCH_PATHS = (
					"$(SDKROOT)/Developer/Library/Frameworks",
					"$(inherited)",
				);
				GCC_PREPROCESSOR_DEFINITIONS = (
					"DEBUG=1",
					"$(inherited)",
				);
				INFOPLIST_FILE = dreamOnTests/Info.plist;
				LD_RUNPATH_SEARCH_PATHS = "$(inherited) @executable_path/Frameworks @loader_path/Frameworks";
				PRODUCT_NAME = "$(TARGET_NAME)";
				TEST_HOST = "$(BUILT_PRODUCTS_DIR)/dreamOn.app/dreamOn";
			};
			name = Debug;
		};
		415FE6371AF2712A008C8F5B /* Release */ = {
			isa = XCBuildConfiguration;
			buildSettings = {
				BUNDLE_LOADER = "$(TEST_HOST)";
				FRAMEWORK_SEARCH_PATHS = (
					"$(SDKROOT)/Developer/Library/Frameworks",
					"$(inherited)",
				);
				INFOPLIST_FILE = dreamOnTests/Info.plist;
				LD_RUNPATH_SEARCH_PATHS = "$(inherited) @executable_path/Frameworks @loader_path/Frameworks";
				PRODUCT_NAME = "$(TARGET_NAME)";
				TEST_HOST = "$(BUILT_PRODUCTS_DIR)/dreamOn.app/dreamOn";
			};
			name = Release;
		};
/* End XCBuildConfiguration section */

/* Begin XCConfigurationList section */
		415FE60B1AF2712A008C8F5B /* Build configuration list for PBXProject "dreamOn" */ = {
			isa = XCConfigurationList;
			buildConfigurations = (
				415FE6301AF2712A008C8F5B /* Debug */,
				415FE6311AF2712A008C8F5B /* Release */,
			);
			defaultConfigurationIsVisible = 0;
			defaultConfigurationName = Release;
		};
		415FE6321AF2712A008C8F5B /* Build configuration list for PBXNativeTarget "dreamOn" */ = {
			isa = XCConfigurationList;
			buildConfigurations = (
				415FE6331AF2712A008C8F5B /* Debug */,
				415FE6341AF2712A008C8F5B /* Release */,
			);
			defaultConfigurationIsVisible = 0;
			defaultConfigurationName = Release;
		};
		415FE6351AF2712A008C8F5B /* Build configuration list for PBXNativeTarget "dreamOnTests" */ = {
			isa = XCConfigurationList;
			buildConfigurations = (
				415FE6361AF2712A008C8F5B /* Debug */,
				415FE6371AF2712A008C8F5B /* Release */,
			);
			defaultConfigurationIsVisible = 0;
			defaultConfigurationName = Release;
		};
/* End XCConfigurationList section */

/* Begin XCVersionGroup section */
		415FE6171AF2712A008C8F5B /* dreamOn.xcdatamodeld */ = {
			isa = XCVersionGroup;
			children = (
				415FE6181AF2712A008C8F5B /* dreamOn.xcdatamodel */,
			);
			currentVersion = 415FE6181AF2712A008C8F5B /* dreamOn.xcdatamodel */;
			path = dreamOn.xcdatamodeld;
			sourceTree = "<group>";
			versionGroupType = wrapper.xcdatamodel;
		};
/* End XCVersionGroup section */
	};
	rootObject = 415FE6081AF2712A008C8F5B /* Project object */;
}
